
Microsoft Visual Studio Solution File, Format Version 12.00
# Visual Studio Version 16
VisualStudioVersion = 16.0.31702.278
MinimumVisualStudioVersion = 10.0.40219.1
Project("{FAE04EC0-301F-11D3-BF4B-00C04F79EFBC}") = "JSRFMPLauncher", "JSRFMPLauncher\JSRFMPLauncher.csproj", "{45184499-3282-4410-82C7-647A1789EBF7}"
EndProject
Global
	GlobalSection(SolutionConfigurationPlatforms) = preSolution
		Debug|Any CPU = Debug|Any CPU
		Release|Any CPU = Release|Any CPU
	EndGlobalSection
	GlobalSection(ProjectConfigurationPlatforms) = postSolution
		{45184499-3282-4410-82C7-647A1789EBF7}.Debug|Any CPU.ActiveCfg = Debug|Any CPU
		{45184499-3282-4410-82C7-647A1789EBF7}.Debug|Any CPU.Build.0 = Debug|Any CPU
		{45184499-3282-4410-82C7-647A1789EBF7}.Release|Any CPU.ActiveCfg = Release|Any CPU
		{45184499-3282-4410-82C7-647A1789EBF7}.Release|Any CPU.Build.0 = Release|Any CPU
	EndGlobalSection
	GlobalSection(SolutionProperties) = preSolution
		HideSolutionNode = FALSE
	EndGlobalSection
	GlobalSection(ExtensibilityGlobals) = postSolution
		SolutionGuid = {95D604DB-18DF-4708-B2BE-8755FDDA6848}
	EndGlobalSection
EndGlobal
